// !$*UTF8*$!
{
	archiveVersion = 1;
	classes = {
	};
	objectVersion = 63;
	objects = {

/* Begin PBXBuildFile section */
		A582AD692CBC0AE500895377 /* AppDelegate.swift in Sources */ = {isa = PBXBuildFile; fileRef = A582AD682CBC0AE500895377 /* AppDelegate.swift */; };
		A582AD6B2CBC0AE500895377 /* SceneDelegate.swift in Sources */ = {isa = PBXBuildFile; fileRef = A582AD6A2CBC0AE500895377 /* SceneDelegate.swift */; };
		A582AD6D2CBC0AE500895377 /* WeatherAndNewsVC.swift in Sources */ = {isa = PBXBuildFile; fileRef = A582AD6C2CBC0AE500895377 /* WeatherAndNewsVC.swift */; };
		A582AD722CBC0AE600895377 /* Assets.xcassets in Resources */ = {isa = PBXBuildFile; fileRef = A582AD712CBC0AE600895377 /* Assets.xcassets */; };
		A582AD752CBC0AE600895377 /* Base in Resources */ = {isa = PBXBuildFile; fileRef = A582AD742CBC0AE600895377 /* Base */; };
		A582AD832CBD576600895377 /* WeatherData.swift in Sources */ = {isa = PBXBuildFile; fileRef = A582AD822CBD576600895377 /* WeatherData.swift */; };
		A582AD882CBD83A500895377 /* WeatherCell.swift in Sources */ = {isa = PBXBuildFile; fileRef = A582AD872CBD83A500895377 /* WeatherCell.swift */; };
		A5B7A7042CBECD7000E35055 /* WeatherTableViewModel.swift in Sources */ = {isa = PBXBuildFile; fileRef = A5B7A7032CBECD7000E35055 /* WeatherTableViewModel.swift */; };
		A5B7A70D2CBFEEC800E35055 /* Roboto-Regular.ttf in Resources */ = {isa = PBXBuildFile; fileRef = A5B7A70A2CBFEEC800E35055 /* Roboto-Regular.ttf */; };
		A5B7A70E2CBFEEC800E35055 /* Roboto-Bold.ttf in Resources */ = {isa = PBXBuildFile; fileRef = A5B7A70B2CBFEEC800E35055 /* Roboto-Bold.ttf */; };
		A5B7A70F2CBFEEC800E35055 /* Roboto-Medium.ttf in Resources */ = {isa = PBXBuildFile; fileRef = A5B7A70C2CBFEEC800E35055 /* Roboto-Medium.ttf */; };
		A5B7A7132CC0461E00E35055 /* NewsTableViewModel.swift in Sources */ = {isa = PBXBuildFile; fileRef = A5B7A7122CC0461E00E35055 /* NewsTableViewModel.swift */; };
		A5B7A7152CC169FE00E35055 /* APIService.swift in Sources */ = {isa = PBXBuildFile; fileRef = A5B7A7142CC169FE00E35055 /* APIService.swift */; };
		A5B7A71A2CC19F5000E35055 /* APIKeys.swift in Sources */ = {isa = PBXBuildFile; fileRef = A5B7A7192CC19F5000E35055 /* APIKeys.swift */; };
		A5B7A71C2CC2EF9500E35055 /* NewsData.swift in Sources */ = {isa = PBXBuildFile; fileRef = A5B7A71B2CC2EF9500E35055 /* NewsData.swift */; };
		A5B7A71E2CC4051900E35055 /* NewsCell.swift in Sources */ = {isa = PBXBuildFile; fileRef = A5B7A71D2CC4051900E35055 /* NewsCell.swift */; };
		A5B7A7202CC6867C00E35055 /* SearchVC.swift in Sources */ = {isa = PBXBuildFile; fileRef = A5B7A71F2CC6867C00E35055 /* SearchVC.swift */; };
		A5B7A7222CC69D9400E35055 /* ServiceURLs.swift in Sources */ = {isa = PBXBuildFile; fileRef = A5B7A7212CC69D9400E35055 /* ServiceURLs.swift */; };
/* End PBXBuildFile section */

/* Begin PBXFileReference section */
		A582AD652CBC0AE500895377 /* WeatherApp.app */ = {isa = PBXFileReference; explicitFileType = wrapper.application; includeInIndex = 0; path = WeatherApp.app; sourceTree = BUILT_PRODUCTS_DIR; };
		A582AD682CBC0AE500895377 /* AppDelegate.swift */ = {isa = PBXFileReference; lastKnownFileType = sourcecode.swift; path = AppDelegate.swift; sourceTree = "<group>"; };
		A582AD6A2CBC0AE500895377 /* SceneDelegate.swift */ = {isa = PBXFileReference; lastKnownFileType = sourcecode.swift; path = SceneDelegate.swift; sourceTree = "<group>"; };
		A582AD6C2CBC0AE500895377 /* WeatherAndNewsVC.swift */ = {isa = PBXFileReference; lastKnownFileType = sourcecode.swift; path = WeatherAndNewsVC.swift; sourceTree = "<group>"; };
		A582AD712CBC0AE600895377 /* Assets.xcassets */ = {isa = PBXFileReference; lastKnownFileType = folder.assetcatalog; path = Assets.xcassets; sourceTree = "<group>"; };
		A582AD742CBC0AE600895377 /* Base */ = {isa = PBXFileReference; lastKnownFileType = file.storyboard; name = Base; path = Base.lproj/LaunchScreen.storyboard; sourceTree = "<group>"; };
		A582AD762CBC0AE600895377 /* Info.plist */ = {isa = PBXFileReference; lastKnownFileType = text.plist.xml; path = Info.plist; sourceTree = "<group>"; };
		A582AD822CBD576600895377 /* WeatherData.swift */ = {isa = PBXFileReference; lastKnownFileType = sourcecode.swift; path = WeatherData.swift; sourceTree = "<group>"; };
		A582AD872CBD83A500895377 /* WeatherCell.swift */ = {isa = PBXFileReference; lastKnownFileType = sourcecode.swift; path = WeatherCell.swift; sourceTree = "<group>"; };
		A5B7A7032CBECD7000E35055 /* WeatherTableViewModel.swift */ = {isa = PBXFileReference; lastKnownFileType = sourcecode.swift; path = WeatherTableViewModel.swift; sourceTree = "<group>"; };
		A5B7A70A2CBFEEC800E35055 /* Roboto-Regular.ttf */ = {isa = PBXFileReference; lastKnownFileType = file; path = "Roboto-Regular.ttf"; sourceTree = "<group>"; };
		A5B7A70B2CBFEEC800E35055 /* Roboto-Bold.ttf */ = {isa = PBXFileReference; lastKnownFileType = file; path = "Roboto-Bold.ttf"; sourceTree = "<group>"; };
		A5B7A70C2CBFEEC800E35055 /* Roboto-Medium.ttf */ = {isa = PBXFileReference; lastKnownFileType = file; path = "Roboto-Medium.ttf"; sourceTree = "<group>"; };
		A5B7A7122CC0461E00E35055 /* NewsTableViewModel.swift */ = {isa = PBXFileReference; lastKnownFileType = sourcecode.swift; path = NewsTableViewModel.swift; sourceTree = "<group>"; };
		A5B7A7142CC169FE00E35055 /* APIService.swift */ = {isa = PBXFileReference; lastKnownFileType = sourcecode.swift; path = APIService.swift; sourceTree = "<group>"; };
		A5B7A7192CC19F5000E35055 /* APIKeys.swift */ = {isa = PBXFileReference; lastKnownFileType = sourcecode.swift; path = APIKeys.swift; sourceTree = "<group>"; };
		A5B7A71B2CC2EF9500E35055 /* NewsData.swift */ = {isa = PBXFileReference; lastKnownFileType = sourcecode.swift; path = NewsData.swift; sourceTree = "<group>"; };
		A5B7A71D2CC4051900E35055 /* NewsCell.swift */ = {isa = PBXFileReference; lastKnownFileType = sourcecode.swift; path = NewsCell.swift; sourceTree = "<group>"; };
		A5B7A71F2CC6867C00E35055 /* SearchVC.swift */ = {isa = PBXFileReference; lastKnownFileType = sourcecode.swift; path = SearchVC.swift; sourceTree = "<group>"; };
		A5B7A7212CC69D9400E35055 /* ServiceURLs.swift */ = {isa = PBXFileReference; lastKnownFileType = sourcecode.swift; path = ServiceURLs.swift; sourceTree = "<group>"; };
/* End PBXFileReference section */

/* Begin PBXFrameworksBuildPhase section */
		A582AD622CBC0AE500895377 /* Frameworks */ = {
			isa = PBXFrameworksBuildPhase;
			buildActionMask = 2147483647;
			files = (
			);
			runOnlyForDeploymentPostprocessing = 0;
		};
/* End PBXFrameworksBuildPhase section */

/* Begin PBXGroup section */
		A582AD5C2CBC0AE500895377 = {
			isa = PBXGroup;
			children = (
				A582AD672CBC0AE500895377 /* WeatherApp */,
				A582AD662CBC0AE500895377 /* Products */,
			);
			sourceTree = "<group>";
		};
		A582AD662CBC0AE500895377 /* Products */ = {
			isa = PBXGroup;
			children = (
				A582AD652CBC0AE500895377 /* WeatherApp.app */,
			);
			name = Products;
			sourceTree = "<group>";
		};
		A582AD672CBC0AE500895377 /* WeatherApp */ = {
			isa = PBXGroup;
			children = (
				A582AD762CBC0AE600895377 /* Info.plist */,
				A582AD862CBD832800895377 /* Cells */,
				A582AD7C2CBC0B0C00895377 /* Application */,
				A582AD7D2CBC0BEE00895377 /* API */,
				A582AD7E2CBC0BF500895377 /* Models */,
				A582AD7F2CBC0C0100895377 /* ViewModels */,
				A582AD802CBC0C1900895377 /* ViewControllers */,
				A582AD812CBC0C3900895377 /* Other */,
			);
			path = WeatherApp;
			sourceTree = "<group>";
		};
		A582AD7C2CBC0B0C00895377 /* Application */ = {
			isa = PBXGroup;
			children = (
				A582AD682CBC0AE500895377 /* AppDelegate.swift */,
				A582AD6A2CBC0AE500895377 /* SceneDelegate.swift */,
			);
			path = Application;
			sourceTree = "<group>";
		};
		A582AD7D2CBC0BEE00895377 /* API */ = {
			isa = PBXGroup;
			children = (
				A5B7A7142CC169FE00E35055 /* APIService.swift */,
			);
			path = API;
			sourceTree = "<group>";
		};
		A582AD7E2CBC0BF500895377 /* Models */ = {
			isa = PBXGroup;
			children = (
				A582AD822CBD576600895377 /* WeatherData.swift */,
				A5B7A71B2CC2EF9500E35055 /* NewsData.swift */,
			);
			path = Models;
			sourceTree = "<group>";
		};
		A582AD7F2CBC0C0100895377 /* ViewModels */ = {
			isa = PBXGroup;
			children = (
				A5B7A7032CBECD7000E35055 /* WeatherTableViewModel.swift */,
				A5B7A7122CC0461E00E35055 /* NewsTableViewModel.swift */,
			);
			path = ViewModels;
			sourceTree = "<group>";
		};
		A582AD802CBC0C1900895377 /* ViewControllers */ = {
			isa = PBXGroup;
			children = (
				A5B7A71F2CC6867C00E35055 /* SearchVC.swift */,
				A582AD6C2CBC0AE500895377 /* WeatherAndNewsVC.swift */,
			);
			path = ViewControllers;
			sourceTree = "<group>";
		};
		A582AD812CBC0C3900895377 /* Other */ = {
			isa = PBXGroup;
			children = (
				A5B7A7052CBFEBC900E35055 /* Fonts */,
				A582AD712CBC0AE600895377 /* Assets.xcassets */,
				A582AD732CBC0AE600895377 /* LaunchScreen.storyboard */,
				A5B7A7192CC19F5000E35055 /* APIKeys.swift */,
				A5B7A7212CC69D9400E35055 /* ServiceURLs.swift */,
			);
			path = Other;
			sourceTree = "<group>";
		};
		A582AD862CBD832800895377 /* Cells */ = {
			isa = PBXGroup;
			children = (
				A582AD872CBD83A500895377 /* WeatherCell.swift */,
				A5B7A71D2CC4051900E35055 /* NewsCell.swift */,
			);
			path = Cells;
			sourceTree = "<group>";
		};
		A5B7A7052CBFEBC900E35055 /* Fonts */ = {
			isa = PBXGroup;
			children = (
				A5B7A70B2CBFEEC800E35055 /* Roboto-Bold.ttf */,
				A5B7A70C2CBFEEC800E35055 /* Roboto-Medium.ttf */,
				A5B7A70A2CBFEEC800E35055 /* Roboto-Regular.ttf */,
			);
			path = Fonts;
			sourceTree = "<group>";
		};
/* End PBXGroup section */

/* Begin PBXNativeTarget section */
		A582AD642CBC0AE500895377 /* WeatherApp */ = {
			isa = PBXNativeTarget;
			buildConfigurationList = A582AD792CBC0AE600895377 /* Build configuration list for PBXNativeTarget "WeatherApp" */;
			buildPhases = (
				A582AD612CBC0AE500895377 /* Sources */,
				A582AD622CBC0AE500895377 /* Frameworks */,
				A582AD632CBC0AE500895377 /* Resources */,
			);
			buildRules = (
			);
			dependencies = (
			);
			name = WeatherApp;
			productName = WeatherApp;
			productReference = A582AD652CBC0AE500895377 /* WeatherApp.app */;
			productType = "com.apple.product-type.application";
		};
/* End PBXNativeTarget section */

/* Begin PBXProject section */
		A582AD5D2CBC0AE500895377 /* Project object */ = {
			isa = PBXProject;
			attributes = {
				BuildIndependentTargetsInParallel = 1;
				LastSwiftUpdateCheck = 1530;
				LastUpgradeCheck = 1530;
				TargetAttributes = {
					A582AD642CBC0AE500895377 = {
						CreatedOnToolsVersion = 15.3;
					};
				};
			};
			buildConfigurationList = A582AD602CBC0AE500895377 /* Build configuration list for PBXProject "WeatherApp" */;
			compatibilityVersion = "Xcode 15.3";
			developmentRegion = en;
			hasScannedForEncodings = 0;
			knownRegions = (
				en,
				Base,
			);
			mainGroup = A582AD5C2CBC0AE500895377;
			productRefGroup = A582AD662CBC0AE500895377 /* Products */;
			projectDirPath = "";
			projectRoot = "";
			targets = (
				A582AD642CBC0AE500895377 /* WeatherApp */,
			);
		};
/* End PBXProject section */

/* Begin PBXResourcesBuildPhase section */
		A582AD632CBC0AE500895377 /* Resources */ = {
			isa = PBXResourcesBuildPhase;
			buildActionMask = 2147483647;
			files = (
				A5B7A70E2CBFEEC800E35055 /* Roboto-Bold.ttf in Resources */,
				A5B7A70F2CBFEEC800E35055 /* Roboto-Medium.ttf in Resources */,
				A5B7A70D2CBFEEC800E35055 /* Roboto-Regular.ttf in Resources */,
				A582AD722CBC0AE600895377 /* Assets.xcassets in Resources */,
				A582AD752CBC0AE600895377 /* Base in Resources */,
			);
			runOnlyForDeploymentPostprocessing = 0;
		};
/* End PBXResourcesBuildPhase section */

/* Begin PBXSourcesBuildPhase section */
		A582AD612CBC0AE500895377 /* Sources */ = {
			isa = PBXSourcesBuildPhase;
			buildActionMask = 2147483647;
			files = (
				A5B7A7152CC169FE00E35055 /* APIService.swift in Sources */,
				A5B7A7202CC6867C00E35055 /* SearchVC.swift in Sources */,
				A5B7A7042CBECD7000E35055 /* WeatherTableViewModel.swift in Sources */,
				A582AD832CBD576600895377 /* WeatherData.swift in Sources */,
				A582AD882CBD83A500895377 /* WeatherCell.swift in Sources */,
				A5B7A7132CC0461E00E35055 /* NewsTableViewModel.swift in Sources */,
				A582AD6D2CBC0AE500895377 /* WeatherAndNewsVC.swift in Sources */,
				A582AD692CBC0AE500895377 /* AppDelegate.swift in Sources */,
				A5B7A71C2CC2EF9500E35055 /* NewsData.swift in Sources */,
				A582AD6B2CBC0AE500895377 /* SceneDelegate.swift in Sources */,
				A5B7A71E2CC4051900E35055 /* NewsCell.swift in Sources */,
				A5B7A71A2CC19F5000E35055 /* APIKeys.swift in Sources */,
				A5B7A7222CC69D9400E35055 /* ServiceURLs.swift in Sources */,
			);
			runOnlyForDeploymentPostprocessing = 0;
		};
/* End PBXSourcesBuildPhase section */

/* Begin PBXVariantGroup section */
		A582AD732CBC0AE600895377 /* LaunchScreen.storyboard */ = {
			isa = PBXVariantGroup;
			children = (
				A582AD742CBC0AE600895377 /* Base */,
			);
			name = LaunchScreen.storyboard;
			sourceTree = "<group>";
		};
/* End PBXVariantGroup section */

/* Begin XCBuildConfiguration section */
		A582AD772CBC0AE600895377 /* Debug */ = {
			isa = XCBuildConfiguration;
			buildSettings = {
				ALWAYS_SEARCH_USER_PATHS = NO;
				ASSETCATALOG_COMPILER_GENERATE_SWIFT_ASSET_SYMBOL_EXTENSIONS = YES;
				CLANG_ANALYZER_NONNULL = YES;
				CLANG_ANALYZER_NUMBER_OBJECT_CONVERSION = YES_AGGRESSIVE;
				CLANG_CXX_LANGUAGE_STANDARD = "gnu++20";
				CLANG_ENABLE_MODULES = YES;
				CLANG_ENABLE_OBJC_ARC = YES;
				CLANG_ENABLE_OBJC_WEAK = YES;
				CLANG_WARN_BLOCK_CAPTURE_AUTORELEASING = YES;
				CLANG_WARN_BOOL_CONVERSION = YES;
				CLANG_WARN_COMMA = YES;
				CLANG_WARN_CONSTANT_CONVERSION = YES;
				CLANG_WARN_DEPRECATED_OBJC_IMPLEMENTATIONS = YES;
				CLANG_WARN_DIRECT_OBJC_ISA_USAGE = YES_ERROR;
				CLANG_WARN_DOCUMENTATION_COMMENTS = YES;
				CLANG_WARN_EMPTY_BODY = YES;
				CLANG_WARN_ENUM_CONVERSION = YES;
				CLANG_WARN_INFINITE_RECURSION = YES;
				CLANG_WARN_INT_CONVERSION = YES;
				CLANG_WARN_NON_LITERAL_NULL_CONVERSION = YES;
				CLANG_WARN_OBJC_IMPLICIT_RETAIN_SELF = YES;
				CLANG_WARN_OBJC_LITERAL_CONVERSION = YES;
				CLANG_WARN_OBJC_ROOT_CLASS = YES_ERROR;
				CLANG_WARN_QUOTED_INCLUDE_IN_FRAMEWORK_HEADER = YES;
				CLANG_WARN_RANGE_LOOP_ANALYSIS = YES;
				CLANG_WARN_STRICT_PROTOTYPES = YES;
				CLANG_WARN_SUSPICIOUS_MOVE = YES;
				CLANG_WARN_UNGUARDED_AVAILABILITY = YES_AGGRESSIVE;
				CLANG_WARN_UNREACHABLE_CODE = YES;
				CLANG_WARN__DUPLICATE_METHOD_MATCH = YES;
				COPY_PHASE_STRIP = NO;
				DEBUG_INFORMATION_FORMAT = dwarf;
				ENABLE_STRICT_OBJC_MSGSEND = YES;
				ENABLE_TESTABILITY = YES;
				ENABLE_USER_SCRIPT_SANDBOXING = YES;
				GCC_C_LANGUAGE_STANDARD = gnu17;
				GCC_DYNAMIC_NO_PIC = NO;
				GCC_NO_COMMON_BLOCKS = YES;
				GCC_OPTIMIZATION_LEVEL = 0;
				GCC_PREPROCESSOR_DEFINITIONS = (
					"DEBUG=1",
					"$(inherited)",
				);
				GCC_WARN_64_TO_32_BIT_CONVERSION = YES;
				GCC_WARN_ABOUT_RETURN_TYPE = YES_ERROR;
				GCC_WARN_UNDECLARED_SELECTOR = YES;
				GCC_WARN_UNINITIALIZED_AUTOS = YES_AGGRESSIVE;
				GCC_WARN_UNUSED_FUNCTION = YES;
				GCC_WARN_UNUSED_VARIABLE = YES;
				IPHONEOS_DEPLOYMENT_TARGET = 17.4;
				LOCALIZATION_PREFERS_STRING_CATALOGS = YES;
				MTL_ENABLE_DEBUG_INFO = INCLUDE_SOURCE;
				MTL_FAST_MATH = YES;
				ONLY_ACTIVE_ARCH = YES;
				SDKROOT = iphoneos;
				SWIFT_ACTIVE_COMPILATION_CONDITIONS = "DEBUG $(inherited)";
				SWIFT_OPTIMIZATION_LEVEL = "-Onone";
			};
			name = Debug;
		};
		A582AD782CBC0AE600895377 /* Release */ = {
			isa = XCBuildConfiguration;
			buildSettings = {
				ALWAYS_SEARCH_USER_PATHS = NO;
				ASSETCATALOG_COMPILER_GENERATE_SWIFT_ASSET_SYMBOL_EXTENSIONS = YES;
				CLANG_ANALYZER_NONNULL = YES;
				CLANG_ANALYZER_NUMBER_OBJECT_CONVERSION = YES_AGGRESSIVE;
				CLANG_CXX_LANGUAGE_STANDARD = "gnu++20";
				CLANG_ENABLE_MODULES = YES;
				CLANG_ENABLE_OBJC_ARC = YES;
				CLANG_ENABLE_OBJC_WEAK = YES;
				CLANG_WARN_BLOCK_CAPTURE_AUTORELEASING = YES;
				CLANG_WARN_BOOL_CONVERSION = YES;
				CLANG_WARN_COMMA = YES;
				CLANG_WARN_CONSTANT_CONVERSION = YES;
				CLANG_WARN_DEPRECATED_OBJC_IMPLEMENTATIONS = YES;
				CLANG_WARN_DIRECT_OBJC_ISA_USAGE = YES_ERROR;
				CLANG_WARN_DOCUMENTATION_COMMENTS = YES;
				CLANG_WARN_EMPTY_BODY = YES;
				CLANG_WARN_ENUM_CONVERSION = YES;
				CLANG_WARN_INFINITE_RECURSION = YES;
				CLANG_WARN_INT_CONVERSION = YES;
				CLANG_WARN_NON_LITERAL_NULL_CONVERSION = YES;
				CLANG_WARN_OBJC_IMPLICIT_RETAIN_SELF = YES;
				CLANG_WARN_OBJC_LITERAL_CONVERSION = YES;
				CLANG_WARN_OBJC_ROOT_CLASS = YES_ERROR;
				CLANG_WARN_QUOTED_INCLUDE_IN_FRAMEWORK_HEADER = YES;
				CLANG_WARN_RANGE_LOOP_ANALYSIS = YES;
				CLANG_WARN_STRICT_PROTOTYPES = YES;
				CLANG_WARN_SUSPICIOUS_MOVE = YES;
				CLANG_WARN_UNGUARDED_AVAILABILITY = YES_AGGRESSIVE;
				CLANG_WARN_UNREACHABLE_CODE = YES;
				CLANG_WARN__DUPLICATE_METHOD_MATCH = YES;
				COPY_PHASE_STRIP = NO;
				DEBUG_INFORMATION_FORMAT = "dwarf-with-dsym";
				ENABLE_NS_ASSERTIONS = NO;
				ENABLE_STRICT_OBJC_MSGSEND = YES;
				ENABLE_USER_SCRIPT_SANDBOXING = YES;
				GCC_C_LANGUAGE_STANDARD = gnu17;
				GCC_NO_COMMON_BLOCKS = YES;
				GCC_WARN_64_TO_32_BIT_CONVERSION = YES;
				GCC_WARN_ABOUT_RETURN_TYPE = YES_ERROR;
				GCC_WARN_UNDECLARED_SELECTOR = YES;
				GCC_WARN_UNINITIALIZED_AUTOS = YES_AGGRESSIVE;
				GCC_WARN_UNUSED_FUNCTION = YES;
				GCC_WARN_UNUSED_VARIABLE = YES;
				IPHONEOS_DEPLOYMENT_TARGET = 17.4;
				LOCALIZATION_PREFERS_STRING_CATALOGS = YES;
				MTL_ENABLE_DEBUG_INFO = NO;
				MTL_FAST_MATH = YES;
				SDKROOT = iphoneos;
				SWIFT_COMPILATION_MODE = wholemodule;
				VALIDATE_PRODUCT = YES;
			};
			name = Release;
		};
		A582AD7A2CBC0AE600895377 /* Debug */ = {
			isa = XCBuildConfiguration;
			buildSettings = {
				ASSETCATALOG_COMPILER_APPICON_NAME = AppIcon;
				ASSETCATALOG_COMPILER_GLOBAL_ACCENT_COLOR_NAME = AccentColor;
				CODE_SIGN_STYLE = Automatic;
				CURRENT_PROJECT_VERSION = 1;
				DEVELOPMENT_TEAM = "";
				GENERATE_INFOPLIST_FILE = YES;
				INFOPLIST_FILE = WeatherApp/Info.plist;
				INFOPLIST_KEY_UIApplicationSupportsIndirectInputEvents = YES;
				INFOPLIST_KEY_UILaunchStoryboardName = LaunchScreen;
				INFOPLIST_KEY_UISupportedInterfaceOrientations_iPad = "UIInterfaceOrientationPortrait UIInterfaceOrientationPortraitUpsideDown UIInterfaceOrientationLandscapeLeft UIInterfaceOrientationLandscapeRight";
				INFOPLIST_KEY_UISupportedInterfaceOrientations_iPhone = "UIInterfaceOrientationPortrait UIInterfaceOrientationLandscapeLeft UIInterfaceOrientationLandscapeRight";
				LD_RUNPATH_SEARCH_PATHS = (
					"$(inherited)",
					"@executable_path/Frameworks",
				);
				MARKETING_VERSION = 1.0;
				PRODUCT_BUNDLE_IDENTIFIER = NoName.WeatherApp;
				PRODUCT_NAME = "$(TARGET_NAME)";
				SWIFT_EMIT_LOC_STRINGS = YES;
				SWIFT_VERSION = 5.0;
				TARGETED_DEVICE_FAMILY = "1,2";
			};
			name = Debug;
		};
		A582AD7B2CBC0AE600895377 /* Release */ = {
			isa = XCBuildConfiguration;
			buildSettings = {
				ASSETCATALOG_COMPILER_APPICON_NAME = AppIcon;
				ASSETCATALOG_COMPILER_GLOBAL_ACCENT_COLOR_NAME = AccentColor;
				CODE_SIGN_STYLE = Automatic;
				CURRENT_PROJECT_VERSION = 1;
				DEVELOPMENT_TEAM = "";
				GENERATE_INFOPLIST_FILE = YES;
				INFOPLIST_FILE = WeatherApp/Info.plist;
				INFOPLIST_KEY_UIApplicationSupportsIndirectInputEvents = YES;
				INFOPLIST_KEY_UILaunchStoryboardName = LaunchScreen;
				INFOPLIST_KEY_UISupportedInterfaceOrientations_iPad = "UIInterfaceOrientationPortrait UIInterfaceOrientationPortraitUpsideDown UIInterfaceOrientationLandscapeLeft UIInterfaceOrientationLandscapeRight";
				INFOPLIST_KEY_UISupportedInterfaceOrientations_iPhone = "UIInterfaceOrientationPortrait UIInterfaceOrientationLandscapeLeft UIInterfaceOrientationLandscapeRight";
				LD_RUNPATH_SEARCH_PATHS = (
					"$(inherited)",
					"@executable_path/Frameworks",
				);
				MARKETING_VERSION = 1.0;
				PRODUCT_BUNDLE_IDENTIFIER = NoName.WeatherApp;
				PRODUCT_NAME = "$(TARGET_NAME)";
				SWIFT_EMIT_LOC_STRINGS = YES;
				SWIFT_VERSION = 5.0;
				TARGETED_DEVICE_FAMILY = "1,2";
			};
			name = Release;
		};
/* End XCBuildConfiguration section */

/* Begin XCConfigurationList section */
		A582AD602CBC0AE500895377 /* Build configuration list for PBXProject "WeatherApp" */ = {
			isa = XCConfigurationList;
			buildConfigurations = (
				A582AD772CBC0AE600895377 /* Debug */,
				A582AD782CBC0AE600895377 /* Release */,
			);
			defaultConfigurationIsVisible = 0;
			defaultConfigurationName = Release;
		};
		A582AD792CBC0AE600895377 /* Build configuration list for PBXNativeTarget "WeatherApp" */ = {
			isa = XCConfigurationList;
			buildConfigurations = (
				A582AD7A2CBC0AE600895377 /* Debug */,
				A582AD7B2CBC0AE600895377 /* Release */,
			);
			defaultConfigurationIsVisible = 0;
			defaultConfigurationName = Release;
		};
/* End XCConfigurationList section */
	};
	rootObject = A582AD5D2CBC0AE500895377 /* Project object */;
}
